
Microsoft Visual Studio Solution File, Format Version 12.00
# Visual Studio Version 17
VisualStudioVersion = 17.0.32014.148
MinimumVisualStudioVersion = 10.0.40219.1
Project("{FAE04EC0-301F-11D3-BF4B-00C04F79EFBC}") = "MachineLearning_Engine", "MachineLearning_Engine\MachineLearning_Engine.csproj", "{61DCF1F4-D6DD-4512-8905-58D1868DA9DB}"
EndProject
Project("{FAE04EC0-301F-11D3-BF4B-00C04F79EFBC}") = "MachineLearning_oM", "MachineLearning_oM\MachineLearning_oM.csproj", "{C3F87EBB-3F93-4069-A17F-D55868056ED2}"
EndProject
Global
	GlobalSection(SolutionConfigurationPlatforms) = preSolution
		Debug|Any CPU = Debug|Any CPU
		Release|Any CPU = Release|Any CPU
	EndGlobalSection
	GlobalSection(ProjectConfigurationPlatforms) = postSolution
		{61DCF1F4-D6DD-4512-8905-58D1868DA9DB}.Debug|Any CPU.ActiveCfg = Debug|Any CPU
		{61DCF1F4-D6DD-4512-8905-58D1868DA9DB}.Debug|Any CPU.Build.0 = Debug|Any CPU
		{61DCF1F4-D6DD-4512-8905-58D1868DA9DB}.Release|Any CPU.ActiveCfg = Release|Any CPU
		{61DCF1F4-D6DD-4512-8905-58D1868DA9DB}.Release|Any CPU.Build.0 = Release|Any CPU
		{C3F87EBB-3F93-4069-A17F-D55868056ED2}.Debug|Any CPU.ActiveCfg = Debug|Any CPU
		{C3F87EBB-3F93-4069-A17F-D55868056ED2}.Debug|Any CPU.Build.0 = Debug|Any CPU
		{C3F87EBB-3F93-4069-A17F-D55868056ED2}.Release|Any CPU.ActiveCfg = Release|Any CPU
		{C3F87EBB-3F93-4069-A17F-D55868056ED2}.Release|Any CPU.Build.0 = Release|Any CPU
	EndGlobalSection
	GlobalSection(SolutionProperties) = preSolution
		HideSolutionNode = FALSE
	EndGlobalSection
	GlobalSection(ExtensibilityGlobals) = postSolution
		SolutionGuid = {06496B4E-E19C-4518-8BEA-50079079C0AA}
	EndGlobalSection
EndGlobal
